
Microsoft Visual Studio Solution File, Format Version 12.00
# Visual Studio 15
VisualStudioVersion = 15.0.27703.2035
MinimumVisualStudioVersion = 10.0.40219.1
Project("{8BC9CEB8-8B4A-11D0-8D11-00A0C91BC942}") = "StormBehavior", "StormBehavior\StormBehavior.vcxproj", "{B36630BE-EC51-4F8E-8056-A42BD3D34E96}"
EndProject
Project("{8BC9CEB8-8B4A-11D0-8D11-00A0C91BC942}") = "StormBehaviorTest", "StormBehaviorTest\StormBehaviorTest.vcxproj", "{5FF087B3-F68A-4A7F-BC01-FA16D919ECF9}"
EndProject
Global
	GlobalSection(SolutionConfigurationPlatforms) = preSolution
		Debug|x64 = Debug|x64
		Debug|x86 = Debug|x86
		Release|x64 = Release|x64
		Release|x86 = Release|x86
	EndGlobalSection
	GlobalSection(ProjectConfigurationPlatforms) = postSolution
		{B36630BE-EC51-4F8E-8056-A42BD3D34E96}.Debug|x64.ActiveCfg = Debug|x64
		{B36630BE-EC51-4F8E-8056-A42BD3D34E96}.Debug|x64.Build.0 = Debug|x64
		{B36630BE-EC51-4F8E-8056-A42BD3D34E96}.Debug|x86.ActiveCfg = Debug|Win32
		{B36630BE-EC51-4F8E-8056-A42BD3D34E96}.Debug|x86.Build.0 = Debug|Win32
		{B36630BE-EC51-4F8E-8056-A42BD3D34E96}.Release|x64.ActiveCfg = Release|x64
		{B36630BE-EC51-4F8E-8056-A42BD3D34E96}.Release|x64.Build.0 = Release|x64
		{B36630BE-EC51-4F8E-8056-A42BD3D34E96}.Release|x86.ActiveCfg = Release|Win32
		{B36630BE-EC51-4F8E-8056-A42BD3D34E96}.Release|x86.Build.0 = Release|Win32
		{5FF087B3-F68A-4A7F-BC01-FA16D919ECF9}.Debug|x64.ActiveCfg = Debug|x64
		{5FF087B3-F68A-4A7F-BC01-FA16D919ECF9}.Debug|x64.Build.0 = Debug|x64
		{5FF087B3-F68A-4A7F-BC01-FA16D919ECF9}.Debug|x86.ActiveCfg = Debug|Win32
		{5FF087B3-F68A-4A7F-BC01-FA16D919ECF9}.Debug|x86.Build.0 = Debug|Win32
		{5FF087B3-F68A-4A7F-BC01-FA16D919ECF9}.Release|x64.ActiveCfg = Release|x64
		{5FF087B3-F68A-4A7F-BC01-FA16D919ECF9}.Release|x64.Build.0 = Release|x64
		{5FF087B3-F68A-4A7F-BC01-FA16D919ECF9}.Release|x86.ActiveCfg = Release|Win32
		{5FF087B3-F68A-4A7F-BC01-FA16D919ECF9}.Release|x86.Build.0 = Release|Win32
	EndGlobalSection
	GlobalSection(SolutionProperties) = preSolution
		HideSolutionNode = FALSE
	EndGlobalSection
	GlobalSection(ExtensibilityGlobals) = postSolution
		SolutionGuid = {41304AEB-3AD6-4897-BE7D-41A9B75B5F22}
	EndGlobalSection
EndGlobal
